
Microsoft Visual Studio Solution File, Format Version 12.00
# Visual Studio 15
VisualStudioVersion = 15.0.26730.10
MinimumVisualStudioVersion = 10.0.40219.1

Project("{6EC3EE1D-3C4E-46DD-8F32-0CC8E7565705}") = "IUBH.TOR", "IUBH.TOR\IUBH.TOR.fsproj", "{A53AA951-E390-4847-91B8-746D96AD7467}"
EndProject

Project("{F2A71F9B-5D33-465A-A702-920D77279786}") = "IUBH.TOR.Android", "IUBH.TOR.Android\IUBH.TOR.Android.fsproj", "{ECB947C0-4CF7-4DE8-89FE-1C0E72B0E1B1}"
EndProject


Project("{F2A71F9B-5D33-465A-A702-920D77279786}") = "IUBH.TOR.iOS", "IUBH.TOR.iOS\IUBH.TOR.iOS.fsproj", "{2482E35F-CCC4-47D6-A84E-4A47DB35C5B1}"
EndProject
Project("{F2A71F9B-5D33-465A-A702-920D77279786}") = "IUBH.TOR.Tests", "IUBH.TOR.Tests\IUBH.TOR.Tests.fsproj", "{3701B690-1E70-42E4-8945-4A170E7C7A57}"
EndProject
Project("{2150E333-8FDC-42A3-9474-1A3956D46DE8}") = "Core", "Core", "{8058199C-D751-46B5-9E31-BCB6576EF13E}"
EndProject
Project("{2150E333-8FDC-42A3-9474-1A3956D46DE8}") = "Platforms", "Platforms", "{2485C258-A51C-4244-B8A6-6F2B96EC1C71}"
EndProject
Project("{2150E333-8FDC-42A3-9474-1A3956D46DE8}") = "Root", "Root", "{2BD8AF6E-076E-425B-995E-5FAD683A5BF9}"
ProjectSection(SolutionItems) = preProject
	..\..\..\README.md = ..\..\..\README.md
EndProjectSection
EndProject




Global
	GlobalSection(SolutionConfigurationPlatforms) = preSolution
		Ad-Hoc|Any CPU = Ad-Hoc|Any CPU
		Ad-Hoc|ARM = Ad-Hoc|ARM
		Ad-Hoc|iPhone = Ad-Hoc|iPhone
		Ad-Hoc|iPhoneSimulator = Ad-Hoc|iPhoneSimulator
		Ad-Hoc|x64 = Ad-Hoc|x64
		Ad-Hoc|x86 = Ad-Hoc|x86
		AppStore|Any CPU = AppStore|Any CPU
		AppStore|ARM = AppStore|ARM
		AppStore|iPhone = AppStore|iPhone
		AppStore|iPhoneSimulator = AppStore|iPhoneSimulator
		AppStore|x64 = AppStore|x64
		AppStore|x86 = AppStore|x86
		Debug|Any CPU = Debug|Any CPU
		Debug|ARM = Debug|ARM
		Debug|iPhone = Debug|iPhone
		Debug|iPhoneSimulator = Debug|iPhoneSimulator
		Debug|x64 = Debug|x64
		Debug|x86 = Debug|x86
		Release|Any CPU = Release|Any CPU
		Release|ARM = Release|ARM
		Release|iPhone = Release|iPhone
		Release|iPhoneSimulator = Release|iPhoneSimulator
		Release|x64 = Release|x64
		Release|x86 = Release|x86
	EndGlobalSection
	GlobalSection(ProjectConfigurationPlatforms) = postSolution
		{A53AA951-E390-4847-91B8-746D96AD7467}.Ad-Hoc|Any CPU.ActiveCfg = Debug|Any CPU
		{A53AA951-E390-4847-91B8-746D96AD7467}.Ad-Hoc|Any CPU.Build.0 = Debug|Any CPU
		{A53AA951-E390-4847-91B8-746D96AD7467}.Ad-Hoc|ARM.ActiveCfg = Debug|Any CPU
		{A53AA951-E390-4847-91B8-746D96AD7467}.Ad-Hoc|ARM.Build.0 = Debug|Any CPU
		{A53AA951-E390-4847-91B8-746D96AD7467}.Ad-Hoc|iPhone.ActiveCfg = Debug|Any CPU
		{A53AA951-E390-4847-91B8-746D96AD7467}.Ad-Hoc|iPhone.Build.0 = Debug|Any CPU
		{A53AA951-E390-4847-91B8-746D96AD7467}.Ad-Hoc|iPhoneSimulator.ActiveCfg = Debug|Any CPU
		{A53AA951-E390-4847-91B8-746D96AD7467}.Ad-Hoc|iPhoneSimulator.Build.0 = Debug|Any CPU
		{A53AA951-E390-4847-91B8-746D96AD7467}.Ad-Hoc|x64.ActiveCfg = Debug|Any CPU
		{A53AA951-E390-4847-91B8-746D96AD7467}.Ad-Hoc|x64.Build.0 = Debug|Any CPU
		{A53AA951-E390-4847-91B8-746D96AD7467}.Ad-Hoc|x86.ActiveCfg = Debug|Any CPU
		{A53AA951-E390-4847-91B8-746D96AD7467}.Ad-Hoc|x86.Build.0 = Debug|Any CPU
		{A53AA951-E390-4847-91B8-746D96AD7467}.AppStore|Any CPU.ActiveCfg = Debug|Any CPU
		{A53AA951-E390-4847-91B8-746D96AD7467}.AppStore|Any CPU.Build.0 = Debug|Any CPU
		{A53AA951-E390-4847-91B8-746D96AD7467}.AppStore|ARM.ActiveCfg = Debug|Any CPU
		{A53AA951-E390-4847-91B8-746D96AD7467}.AppStore|ARM.Build.0 = Debug|Any CPU
		{A53AA951-E390-4847-91B8-746D96AD7467}.AppStore|iPhone.ActiveCfg = Debug|Any CPU
		{A53AA951-E390-4847-91B8-746D96AD7467}.AppStore|iPhone.Build.0 = Debug|Any CPU
		{A53AA951-E390-4847-91B8-746D96AD7467}.AppStore|iPhoneSimulator.ActiveCfg = Debug|Any CPU
		{A53AA951-E390-4847-91B8-746D96AD7467}.AppStore|iPhoneSimulator.Build.0 = Debug|Any CPU
		{A53AA951-E390-4847-91B8-746D96AD7467}.AppStore|x64.ActiveCfg = Debug|Any CPU
		{A53AA951-E390-4847-91B8-746D96AD7467}.AppStore|x64.Build.0 = Debug|Any CPU
		{A53AA951-E390-4847-91B8-746D96AD7467}.AppStore|x86.ActiveCfg = Debug|Any CPU
		{A53AA951-E390-4847-91B8-746D96AD7467}.AppStore|x86.Build.0 = Debug|Any CPU
		{A53AA951-E390-4847-91B8-746D96AD7467}.Debug|Any CPU.ActiveCfg = Debug|Any CPU
		{A53AA951-E390-4847-91B8-746D96AD7467}.Debug|Any CPU.Build.0 = Debug|Any CPU
		{A53AA951-E390-4847-91B8-746D96AD7467}.Debug|ARM.ActiveCfg = Debug|Any CPU
		{A53AA951-E390-4847-91B8-746D96AD7467}.Debug|ARM.Build.0 = Debug|Any CPU
		{A53AA951-E390-4847-91B8-746D96AD7467}.Debug|iPhone.ActiveCfg = Debug|Any CPU
		{A53AA951-E390-4847-91B8-746D96AD7467}.Debug|iPhone.Build.0 = Debug|Any CPU
		{A53AA951-E390-4847-91B8-746D96AD7467}.Debug|iPhoneSimulator.ActiveCfg = Debug|Any CPU
		{A53AA951-E390-4847-91B8-746D96AD7467}.Debug|iPhoneSimulator.Build.0 = Debug|Any CPU
		{A53AA951-E390-4847-91B8-746D96AD7467}.Debug|x64.ActiveCfg = Debug|Any CPU
		{A53AA951-E390-4847-91B8-746D96AD7467}.Debug|x64.Build.0 = Debug|Any CPU
		{A53AA951-E390-4847-91B8-746D96AD7467}.Debug|x86.ActiveCfg = Debug|Any CPU
		{A53AA951-E390-4847-91B8-746D96AD7467}.Debug|x86.Build.0 = Debug|Any CPU
		{A53AA951-E390-4847-91B8-746D96AD7467}.Release|Any CPU.ActiveCfg = Release|Any CPU
		{A53AA951-E390-4847-91B8-746D96AD7467}.Release|Any CPU.Build.0 = Release|Any CPU
		{A53AA951-E390-4847-91B8-746D96AD7467}.Release|ARM.ActiveCfg = Release|Any CPU
		{A53AA951-E390-4847-91B8-746D96AD7467}.Release|ARM.Build.0 = Release|Any CPU
		{A53AA951-E390-4847-91B8-746D96AD7467}.Release|iPhone.ActiveCfg = Release|Any CPU
		{A53AA951-E390-4847-91B8-746D96AD7467}.Release|iPhone.Build.0 = Release|Any CPU
		{A53AA951-E390-4847-91B8-746D96AD7467}.Release|iPhoneSimulator.ActiveCfg = Release|Any CPU
		{A53AA951-E390-4847-91B8-746D96AD7467}.Release|iPhoneSimulator.Build.0 = Release|Any CPU
		{A53AA951-E390-4847-91B8-746D96AD7467}.Release|x64.ActiveCfg = Release|Any CPU
		{A53AA951-E390-4847-91B8-746D96AD7467}.Release|x64.Build.0 = Release|Any CPU
		{A53AA951-E390-4847-91B8-746D96AD7467}.Release|x86.ActiveCfg = Release|Any CPU
		{A53AA951-E390-4847-91B8-746D96AD7467}.Release|x86.Build.0 = Release|Any CPU
		{2482E35F-CCC4-47D6-A84E-4A47DB35C5B1}.Ad-Hoc|Any CPU.ActiveCfg = Ad-Hoc|iPhone
		{2482E35F-CCC4-47D6-A84E-4A47DB35C5B1}.Ad-Hoc|ARM.ActiveCfg = Ad-Hoc|iPhone
		{2482E35F-CCC4-47D6-A84E-4A47DB35C5B1}.Ad-Hoc|iPhone.ActiveCfg = Ad-Hoc|iPhone
		{2482E35F-CCC4-47D6-A84E-4A47DB35C5B1}.Ad-Hoc|iPhone.Build.0 = Ad-Hoc|iPhone
		{2482E35F-CCC4-47D6-A84E-4A47DB35C5B1}.Ad-Hoc|iPhoneSimulator.ActiveCfg = Ad-Hoc|iPhoneSimulator
		{2482E35F-CCC4-47D6-A84E-4A47DB35C5B1}.Ad-Hoc|iPhoneSimulator.Build.0 = Ad-Hoc|iPhoneSimulator
		{2482E35F-CCC4-47D6-A84E-4A47DB35C5B1}.Ad-Hoc|x64.ActiveCfg = Ad-Hoc|iPhone
		{2482E35F-CCC4-47D6-A84E-4A47DB35C5B1}.Ad-Hoc|x86.ActiveCfg = Ad-Hoc|iPhone
		{2482E35F-CCC4-47D6-A84E-4A47DB35C5B1}.AppStore|Any CPU.ActiveCfg = AppStore|iPhone
		{2482E35F-CCC4-47D6-A84E-4A47DB35C5B1}.AppStore|ARM.ActiveCfg = AppStore|iPhone
		{2482E35F-CCC4-47D6-A84E-4A47DB35C5B1}.AppStore|iPhone.ActiveCfg = AppStore|iPhone
		{2482E35F-CCC4-47D6-A84E-4A47DB35C5B1}.AppStore|iPhone.Build.0 = AppStore|iPhone
		{2482E35F-CCC4-47D6-A84E-4A47DB35C5B1}.AppStore|iPhoneSimulator.ActiveCfg = AppStore|iPhoneSimulator
		{2482E35F-CCC4-47D6-A84E-4A47DB35C5B1}.AppStore|iPhoneSimulator.Build.0 = AppStore|iPhoneSimulator
		{2482E35F-CCC4-47D6-A84E-4A47DB35C5B1}.AppStore|x64.ActiveCfg = AppStore|iPhone
		{2482E35F-CCC4-47D6-A84E-4A47DB35C5B1}.AppStore|x86.ActiveCfg = AppStore|iPhone
		{2482E35F-CCC4-47D6-A84E-4A47DB35C5B1}.Debug|Any CPU.ActiveCfg = Debug|iPhone
		{2482E35F-CCC4-47D6-A84E-4A47DB35C5B1}.Debug|ARM.ActiveCfg = Debug|iPhone
		{2482E35F-CCC4-47D6-A84E-4A47DB35C5B1}.Debug|iPhone.ActiveCfg = Debug|iPhone
		{2482E35F-CCC4-47D6-A84E-4A47DB35C5B1}.Debug|iPhone.Build.0 = Debug|iPhone
		{2482E35F-CCC4-47D6-A84E-4A47DB35C5B1}.Debug|iPhoneSimulator.ActiveCfg = Debug|iPhoneSimulator
		{2482E35F-CCC4-47D6-A84E-4A47DB35C5B1}.Debug|iPhoneSimulator.Build.0 = Debug|iPhoneSimulator
		{2482E35F-CCC4-47D6-A84E-4A47DB35C5B1}.Debug|x64.ActiveCfg = Debug|iPhone
		{2482E35F-CCC4-47D6-A84E-4A47DB35C5B1}.Debug|x86.ActiveCfg = Debug|iPhone
		{2482E35F-CCC4-47D6-A84E-4A47DB35C5B1}.Release|Any CPU.ActiveCfg = Release|iPhone
		{2482E35F-CCC4-47D6-A84E-4A47DB35C5B1}.Release|ARM.ActiveCfg = Release|iPhone
		{2482E35F-CCC4-47D6-A84E-4A47DB35C5B1}.Release|iPhone.ActiveCfg = Release|iPhone
		{2482E35F-CCC4-47D6-A84E-4A47DB35C5B1}.Release|iPhone.Build.0 = Release|iPhone
		{2482E35F-CCC4-47D6-A84E-4A47DB35C5B1}.Release|iPhoneSimulator.ActiveCfg = Release|iPhoneSimulator
		{2482E35F-CCC4-47D6-A84E-4A47DB35C5B1}.Release|iPhoneSimulator.Build.0 = Release|iPhoneSimulator
		{2482E35F-CCC4-47D6-A84E-4A47DB35C5B1}.Release|x64.ActiveCfg = Release|iPhone
		{2482E35F-CCC4-47D6-A84E-4A47DB35C5B1}.Release|x86.ActiveCfg = Release|iPhone
		{DEA2BCD7-757A-4434-ABDD-8C2A3A93E843}.Ad-Hoc|Any CPU.ActiveCfg = Release|x86
		{DEA2BCD7-757A-4434-ABDD-8C2A3A93E843}.Ad-Hoc|Any CPU.Build.0 = Release|x86
		{DEA2BCD7-757A-4434-ABDD-8C2A3A93E843}.Ad-Hoc|Any CPU.Deploy.0 = Release|x86
		{DEA2BCD7-757A-4434-ABDD-8C2A3A93E843}.Ad-Hoc|ARM.ActiveCfg = Release|ARM
		{DEA2BCD7-757A-4434-ABDD-8C2A3A93E843}.Ad-Hoc|ARM.Build.0 = Release|ARM
		{DEA2BCD7-757A-4434-ABDD-8C2A3A93E843}.Ad-Hoc|ARM.Deploy.0 = Release|ARM
		{DEA2BCD7-757A-4434-ABDD-8C2A3A93E843}.Ad-Hoc|iPhone.ActiveCfg = Release|x86
		{DEA2BCD7-757A-4434-ABDD-8C2A3A93E843}.Ad-Hoc|iPhone.Build.0 = Release|x86
		{DEA2BCD7-757A-4434-ABDD-8C2A3A93E843}.Ad-Hoc|iPhone.Deploy.0 = Release|x86
		{DEA2BCD7-757A-4434-ABDD-8C2A3A93E843}.Ad-Hoc|iPhoneSimulator.ActiveCfg = Release|x86
		{DEA2BCD7-757A-4434-ABDD-8C2A3A93E843}.Ad-Hoc|iPhoneSimulator.Build.0 = Release|x86
		{DEA2BCD7-757A-4434-ABDD-8C2A3A93E843}.Ad-Hoc|iPhoneSimulator.Deploy.0 = Release|x86
		{DEA2BCD7-757A-4434-ABDD-8C2A3A93E843}.Ad-Hoc|x64.ActiveCfg = Release|x64
		{DEA2BCD7-757A-4434-ABDD-8C2A3A93E843}.Ad-Hoc|x64.Build.0 = Release|x64
		{DEA2BCD7-757A-4434-ABDD-8C2A3A93E843}.Ad-Hoc|x64.Deploy.0 = Release|x64
		{DEA2BCD7-757A-4434-ABDD-8C2A3A93E843}.Ad-Hoc|x86.ActiveCfg = Release|x86
		{DEA2BCD7-757A-4434-ABDD-8C2A3A93E843}.Ad-Hoc|x86.Build.0 = Release|x86
		{DEA2BCD7-757A-4434-ABDD-8C2A3A93E843}.Ad-Hoc|x86.Deploy.0 = Release|x86
		{DEA2BCD7-757A-4434-ABDD-8C2A3A93E843}.AppStore|Any CPU.ActiveCfg = Release|x86
		{DEA2BCD7-757A-4434-ABDD-8C2A3A93E843}.AppStore|Any CPU.Build.0 = Release|x86
		{DEA2BCD7-757A-4434-ABDD-8C2A3A93E843}.AppStore|Any CPU.Deploy.0 = Release|x86
		{DEA2BCD7-757A-4434-ABDD-8C2A3A93E843}.AppStore|ARM.ActiveCfg = Release|ARM
		{DEA2BCD7-757A-4434-ABDD-8C2A3A93E843}.AppStore|ARM.Build.0 = Release|ARM
		{DEA2BCD7-757A-4434-ABDD-8C2A3A93E843}.AppStore|ARM.Deploy.0 = Release|ARM
		{DEA2BCD7-757A-4434-ABDD-8C2A3A93E843}.AppStore|iPhone.ActiveCfg = Release|x86
		{DEA2BCD7-757A-4434-ABDD-8C2A3A93E843}.AppStore|iPhone.Build.0 = Release|x86
		{DEA2BCD7-757A-4434-ABDD-8C2A3A93E843}.AppStore|iPhone.Deploy.0 = Release|x86
		{DEA2BCD7-757A-4434-ABDD-8C2A3A93E843}.AppStore|iPhoneSimulator.ActiveCfg = Release|x86
		{DEA2BCD7-757A-4434-ABDD-8C2A3A93E843}.AppStore|iPhoneSimulator.Build.0 = Release|x86
		{DEA2BCD7-757A-4434-ABDD-8C2A3A93E843}.AppStore|iPhoneSimulator.Deploy.0 = Release|x86
		{DEA2BCD7-757A-4434-ABDD-8C2A3A93E843}.AppStore|x64.ActiveCfg = Release|x64
		{DEA2BCD7-757A-4434-ABDD-8C2A3A93E843}.AppStore|x64.Build.0 = Release|x64
		{DEA2BCD7-757A-4434-ABDD-8C2A3A93E843}.AppStore|x64.Deploy.0 = Release|x64
		{DEA2BCD7-757A-4434-ABDD-8C2A3A93E843}.AppStore|x86.ActiveCfg = Release|x86
		{DEA2BCD7-757A-4434-ABDD-8C2A3A93E843}.AppStore|x86.Build.0 = Release|x86
		{DEA2BCD7-757A-4434-ABDD-8C2A3A93E843}.AppStore|x86.Deploy.0 = Release|x86
		{DEA2BCD7-757A-4434-ABDD-8C2A3A93E843}.Debug|Any CPU.ActiveCfg = Debug|x86
		{DEA2BCD7-757A-4434-ABDD-8C2A3A93E843}.Debug|ARM.ActiveCfg = Debug|ARM
		{DEA2BCD7-757A-4434-ABDD-8C2A3A93E843}.Debug|ARM.Build.0 = Debug|ARM
		{DEA2BCD7-757A-4434-ABDD-8C2A3A93E843}.Debug|ARM.Deploy.0 = Debug|ARM
		{DEA2BCD7-757A-4434-ABDD-8C2A3A93E843}.Debug|iPhone.ActiveCfg = Debug|x86
		{DEA2BCD7-757A-4434-ABDD-8C2A3A93E843}.Debug|iPhoneSimulator.ActiveCfg = Debug|x86
		{DEA2BCD7-757A-4434-ABDD-8C2A3A93E843}.Debug|x64.ActiveCfg = Debug|x64
		{DEA2BCD7-757A-4434-ABDD-8C2A3A93E843}.Debug|x64.Build.0 = Debug|x64
		{DEA2BCD7-757A-4434-ABDD-8C2A3A93E843}.Debug|x64.Deploy.0 = Debug|x64
		{DEA2BCD7-757A-4434-ABDD-8C2A3A93E843}.Debug|x86.ActiveCfg = Debug|x86
		{DEA2BCD7-757A-4434-ABDD-8C2A3A93E843}.Debug|x86.Build.0 = Debug|x86
		{DEA2BCD7-757A-4434-ABDD-8C2A3A93E843}.Debug|x86.Deploy.0 = Debug|x86
		{DEA2BCD7-757A-4434-ABDD-8C2A3A93E843}.Release|Any CPU.ActiveCfg = Release|x86
		{DEA2BCD7-757A-4434-ABDD-8C2A3A93E843}.Release|ARM.ActiveCfg = Release|ARM
		{DEA2BCD7-757A-4434-ABDD-8C2A3A93E843}.Release|ARM.Build.0 = Release|ARM
		{DEA2BCD7-757A-4434-ABDD-8C2A3A93E843}.Release|ARM.Deploy.0 = Release|ARM
		{DEA2BCD7-757A-4434-ABDD-8C2A3A93E843}.Release|iPhone.ActiveCfg = Release|x86
		{DEA2BCD7-757A-4434-ABDD-8C2A3A93E843}.Release|iPhoneSimulator.ActiveCfg = Release|x86
		{DEA2BCD7-757A-4434-ABDD-8C2A3A93E843}.Release|x64.ActiveCfg = Release|x64
		{DEA2BCD7-757A-4434-ABDD-8C2A3A93E843}.Release|x64.Build.0 = Release|x64
		{DEA2BCD7-757A-4434-ABDD-8C2A3A93E843}.Release|x64.Deploy.0 = Release|x64
		{DEA2BCD7-757A-4434-ABDD-8C2A3A93E843}.Release|x86.ActiveCfg = Release|x86
		{DEA2BCD7-757A-4434-ABDD-8C2A3A93E843}.Release|x86.Build.0 = Release|x86
		{DEA2BCD7-757A-4434-ABDD-8C2A3A93E843}.Release|x86.Deploy.0 = Release|x86
		{8AA86939-F3EA-4D45-AD91-64E052C537A9}.Ad-Hoc|Any CPU.ActiveCfg = Release|Any CPU
		{8AA86939-F3EA-4D45-AD91-64E052C537A9}.Ad-Hoc|Any CPU.Build.0 = Release|Any CPU
		{8AA86939-F3EA-4D45-AD91-64E052C537A9}.Ad-Hoc|ARM.ActiveCfg = Release|Any CPU
		{8AA86939-F3EA-4D45-AD91-64E052C537A9}.Ad-Hoc|ARM.Build.0 = Release|Any CPU
		{8AA86939-F3EA-4D45-AD91-64E052C537A9}.Ad-Hoc|iPhone.ActiveCfg = Release|Any CPU
		{8AA86939-F3EA-4D45-AD91-64E052C537A9}.Ad-Hoc|iPhone.Build.0 = Release|Any CPU
		{8AA86939-F3EA-4D45-AD91-64E052C537A9}.Ad-Hoc|iPhoneSimulator.ActiveCfg = Release|Any CPU
		{8AA86939-F3EA-4D45-AD91-64E052C537A9}.Ad-Hoc|iPhoneSimulator.Build.0 = Release|Any CPU
		{8AA86939-F3EA-4D45-AD91-64E052C537A9}.Ad-Hoc|x64.ActiveCfg = Release|Any CPU
		{8AA86939-F3EA-4D45-AD91-64E052C537A9}.Ad-Hoc|x64.Build.0 = Release|Any CPU
		{8AA86939-F3EA-4D45-AD91-64E052C537A9}.Ad-Hoc|x86.ActiveCfg = Release|Any CPU
		{8AA86939-F3EA-4D45-AD91-64E052C537A9}.Ad-Hoc|x86.Build.0 = Release|Any CPU
		{8AA86939-F3EA-4D45-AD91-64E052C537A9}.AppStore|Any CPU.ActiveCfg = Release|Any CPU
		{8AA86939-F3EA-4D45-AD91-64E052C537A9}.AppStore|Any CPU.Build.0 = Release|Any CPU
		{8AA86939-F3EA-4D45-AD91-64E052C537A9}.AppStore|ARM.ActiveCfg = Release|Any CPU
		{8AA86939-F3EA-4D45-AD91-64E052C537A9}.AppStore|ARM.Build.0 = Release|Any CPU
		{8AA86939-F3EA-4D45-AD91-64E052C537A9}.AppStore|iPhone.ActiveCfg = Release|Any CPU
		{8AA86939-F3EA-4D45-AD91-64E052C537A9}.AppStore|iPhone.Build.0 = Release|Any CPU
		{8AA86939-F3EA-4D45-AD91-64E052C537A9}.AppStore|iPhoneSimulator.ActiveCfg = Release|Any CPU
		{8AA86939-F3EA-4D45-AD91-64E052C537A9}.AppStore|iPhoneSimulator.Build.0 = Release|Any CPU
		{8AA86939-F3EA-4D45-AD91-64E052C537A9}.AppStore|x64.ActiveCfg = Release|Any CPU
		{8AA86939-F3EA-4D45-AD91-64E052C537A9}.AppStore|x64.Build.0 = Release|Any CPU
		{8AA86939-F3EA-4D45-AD91-64E052C537A9}.AppStore|x86.ActiveCfg = Release|Any CPU
		{8AA86939-F3EA-4D45-AD91-64E052C537A9}.AppStore|x86.Build.0 = Release|Any CPU
		{8AA86939-F3EA-4D45-AD91-64E052C537A9}.Debug|Any CPU.ActiveCfg = Debug|Any CPU
		{8AA86939-F3EA-4D45-AD91-64E052C537A9}.Debug|Any CPU.Build.0 = Debug|Any CPU
		{8AA86939-F3EA-4D45-AD91-64E052C537A9}.Debug|ARM.ActiveCfg = Debug|Any CPU
		{8AA86939-F3EA-4D45-AD91-64E052C537A9}.Debug|ARM.Build.0 = Debug|Any CPU
		{8AA86939-F3EA-4D45-AD91-64E052C537A9}.Debug|iPhone.ActiveCfg = Debug|Any CPU
		{8AA86939-F3EA-4D45-AD91-64E052C537A9}.Debug|iPhone.Build.0 = Debug|Any CPU
		{8AA86939-F3EA-4D45-AD91-64E052C537A9}.Debug|iPhoneSimulator.ActiveCfg = Debug|Any CPU
		{8AA86939-F3EA-4D45-AD91-64E052C537A9}.Debug|iPhoneSimulator.Build.0 = Debug|Any CPU
		{8AA86939-F3EA-4D45-AD91-64E052C537A9}.Debug|x64.ActiveCfg = Debug|Any CPU
		{8AA86939-F3EA-4D45-AD91-64E052C537A9}.Debug|x64.Build.0 = Debug|Any CPU
		{8AA86939-F3EA-4D45-AD91-64E052C537A9}.Debug|x86.ActiveCfg = Debug|Any CPU
		{8AA86939-F3EA-4D45-AD91-64E052C537A9}.Debug|x86.Build.0 = Debug|Any CPU
		{8AA86939-F3EA-4D45-AD91-64E052C537A9}.Release|Any CPU.ActiveCfg = Release|Any CPU
		{8AA86939-F3EA-4D45-AD91-64E052C537A9}.Release|Any CPU.Build.0 = Release|Any CPU
		{8AA86939-F3EA-4D45-AD91-64E052C537A9}.Release|ARM.ActiveCfg = Release|Any CPU
		{8AA86939-F3EA-4D45-AD91-64E052C537A9}.Release|ARM.Build.0 = Release|Any CPU
		{8AA86939-F3EA-4D45-AD91-64E052C537A9}.Release|iPhone.ActiveCfg = Release|Any CPU
		{8AA86939-F3EA-4D45-AD91-64E052C537A9}.Release|iPhone.Build.0 = Release|Any CPU
		{8AA86939-F3EA-4D45-AD91-64E052C537A9}.Release|iPhoneSimulator.ActiveCfg = Release|Any CPU
		{8AA86939-F3EA-4D45-AD91-64E052C537A9}.Release|iPhoneSimulator.Build.0 = Release|Any CPU
		{8AA86939-F3EA-4D45-AD91-64E052C537A9}.Release|x64.ActiveCfg = Release|Any CPU
		{8AA86939-F3EA-4D45-AD91-64E052C537A9}.Release|x64.Build.0 = Release|Any CPU
		{8AA86939-F3EA-4D45-AD91-64E052C537A9}.Release|x86.ActiveCfg = Release|Any CPU
		{8AA86939-F3EA-4D45-AD91-64E052C537A9}.Release|x86.Build.0 = Release|Any CPU
		{3D0EBFDF-AC05-48CC-989B-E662259848C7}.Ad-Hoc|Any CPU.ActiveCfg = Release|Any CPU
		{3D0EBFDF-AC05-48CC-989B-E662259848C7}.Ad-Hoc|Any CPU.Build.0 = Release|Any CPU
		{3D0EBFDF-AC05-48CC-989B-E662259848C7}.Ad-Hoc|ARM.ActiveCfg = Release|Any CPU
		{3D0EBFDF-AC05-48CC-989B-E662259848C7}.Ad-Hoc|ARM.Build.0 = Release|Any CPU
		{3D0EBFDF-AC05-48CC-989B-E662259848C7}.Ad-Hoc|iPhone.ActiveCfg = Release|Any CPU
		{3D0EBFDF-AC05-48CC-989B-E662259848C7}.Ad-Hoc|iPhone.Build.0 = Release|Any CPU
		{3D0EBFDF-AC05-48CC-989B-E662259848C7}.Ad-Hoc|iPhoneSimulator.ActiveCfg = Release|Any CPU
		{3D0EBFDF-AC05-48CC-989B-E662259848C7}.Ad-Hoc|iPhoneSimulator.Build.0 = Release|Any CPU
		{3D0EBFDF-AC05-48CC-989B-E662259848C7}.Ad-Hoc|x64.ActiveCfg = Release|Any CPU
		{3D0EBFDF-AC05-48CC-989B-E662259848C7}.Ad-Hoc|x64.Build.0 = Release|Any CPU
		{3D0EBFDF-AC05-48CC-989B-E662259848C7}.Ad-Hoc|x86.ActiveCfg = Release|Any CPU
		{3D0EBFDF-AC05-48CC-989B-E662259848C7}.Ad-Hoc|x86.Build.0 = Release|Any CPU
		{3D0EBFDF-AC05-48CC-989B-E662259848C7}.AppStore|Any CPU.ActiveCfg = Release|Any CPU
		{3D0EBFDF-AC05-48CC-989B-E662259848C7}.AppStore|Any CPU.Build.0 = Release|Any CPU
		{3D0EBFDF-AC05-48CC-989B-E662259848C7}.AppStore|ARM.ActiveCfg = Release|Any CPU
		{3D0EBFDF-AC05-48CC-989B-E662259848C7}.AppStore|ARM.Build.0 = Release|Any CPU
		{3D0EBFDF-AC05-48CC-989B-E662259848C7}.AppStore|iPhone.ActiveCfg = Release|Any CPU
		{3D0EBFDF-AC05-48CC-989B-E662259848C7}.AppStore|iPhone.Build.0 = Release|Any CPU
		{3D0EBFDF-AC05-48CC-989B-E662259848C7}.AppStore|iPhoneSimulator.ActiveCfg = Release|Any CPU
		{3D0EBFDF-AC05-48CC-989B-E662259848C7}.AppStore|iPhoneSimulator.Build.0 = Release|Any CPU
		{3D0EBFDF-AC05-48CC-989B-E662259848C7}.AppStore|x64.ActiveCfg = Release|Any CPU
		{3D0EBFDF-AC05-48CC-989B-E662259848C7}.AppStore|x64.Build.0 = Release|Any CPU
		{3D0EBFDF-AC05-48CC-989B-E662259848C7}.AppStore|x86.ActiveCfg = Release|Any CPU
		{3D0EBFDF-AC05-48CC-989B-E662259848C7}.AppStore|x86.Build.0 = Release|Any CPU
		{3D0EBFDF-AC05-48CC-989B-E662259848C7}.Debug|Any CPU.ActiveCfg = Debug|Any CPU
		{3D0EBFDF-AC05-48CC-989B-E662259848C7}.Debug|Any CPU.Build.0 = Debug|Any CPU
		{3D0EBFDF-AC05-48CC-989B-E662259848C7}.Debug|ARM.ActiveCfg = Debug|Any CPU
		{3D0EBFDF-AC05-48CC-989B-E662259848C7}.Debug|ARM.Build.0 = Debug|Any CPU
		{3D0EBFDF-AC05-48CC-989B-E662259848C7}.Debug|iPhone.ActiveCfg = Debug|Any CPU
		{3D0EBFDF-AC05-48CC-989B-E662259848C7}.Debug|iPhone.Build.0 = Debug|Any CPU
		{3D0EBFDF-AC05-48CC-989B-E662259848C7}.Debug|iPhoneSimulator.ActiveCfg = Debug|Any CPU
		{3D0EBFDF-AC05-48CC-989B-E662259848C7}.Debug|iPhoneSimulator.Build.0 = Debug|Any CPU
		{3D0EBFDF-AC05-48CC-989B-E662259848C7}.Debug|x64.ActiveCfg = Debug|Any CPU
		{3D0EBFDF-AC05-48CC-989B-E662259848C7}.Debug|x64.Build.0 = Debug|Any CPU
		{3D0EBFDF-AC05-48CC-989B-E662259848C7}.Debug|x86.ActiveCfg = Debug|Any CPU
		{3D0EBFDF-AC05-48CC-989B-E662259848C7}.Debug|x86.Build.0 = Debug|Any CPU
		{3D0EBFDF-AC05-48CC-989B-E662259848C7}.Release|Any CPU.ActiveCfg = Release|Any CPU
		{3D0EBFDF-AC05-48CC-989B-E662259848C7}.Release|Any CPU.Build.0 = Release|Any CPU
		{3D0EBFDF-AC05-48CC-989B-E662259848C7}.Release|ARM.ActiveCfg = Release|Any CPU
		{3D0EBFDF-AC05-48CC-989B-E662259848C7}.Release|ARM.Build.0 = Release|Any CPU
		{3D0EBFDF-AC05-48CC-989B-E662259848C7}.Release|iPhone.ActiveCfg = Release|Any CPU
		{3D0EBFDF-AC05-48CC-989B-E662259848C7}.Release|iPhone.Build.0 = Release|Any CPU
		{3D0EBFDF-AC05-48CC-989B-E662259848C7}.Release|iPhoneSimulator.ActiveCfg = Release|Any CPU
		{3D0EBFDF-AC05-48CC-989B-E662259848C7}.Release|iPhoneSimulator.Build.0 = Release|Any CPU
		{3D0EBFDF-AC05-48CC-989B-E662259848C7}.Release|x64.ActiveCfg = Release|Any CPU
		{3D0EBFDF-AC05-48CC-989B-E662259848C7}.Release|x64.Build.0 = Release|Any CPU
		{3D0EBFDF-AC05-48CC-989B-E662259848C7}.Release|x86.ActiveCfg = Release|Any CPU
		{3D0EBFDF-AC05-48CC-989B-E662259848C7}.Release|x86.Build.0 = Release|Any CPU
		{ECB947C0-4CF7-4DE8-89FE-1C0E72B0E1B1}.Ad-Hoc|Any CPU.ActiveCfg = Release|Any CPU
		{ECB947C0-4CF7-4DE8-89FE-1C0E72B0E1B1}.Ad-Hoc|Any CPU.Build.0 = Release|Any CPU
		{ECB947C0-4CF7-4DE8-89FE-1C0E72B0E1B1}.Ad-Hoc|ARM.ActiveCfg = Release|Any CPU
		{ECB947C0-4CF7-4DE8-89FE-1C0E72B0E1B1}.Ad-Hoc|ARM.Build.0 = Release|Any CPU
		{ECB947C0-4CF7-4DE8-89FE-1C0E72B0E1B1}.Ad-Hoc|iPhone.ActiveCfg = Release|Any CPU
		{ECB947C0-4CF7-4DE8-89FE-1C0E72B0E1B1}.Ad-Hoc|iPhone.Build.0 = Release|Any CPU
		{ECB947C0-4CF7-4DE8-89FE-1C0E72B0E1B1}.Ad-Hoc|iPhoneSimulator.ActiveCfg = Release|Any CPU
		{ECB947C0-4CF7-4DE8-89FE-1C0E72B0E1B1}.Ad-Hoc|iPhoneSimulator.Build.0 = Release|Any CPU
		{ECB947C0-4CF7-4DE8-89FE-1C0E72B0E1B1}.Ad-Hoc|x64.ActiveCfg = Release|Any CPU
		{ECB947C0-4CF7-4DE8-89FE-1C0E72B0E1B1}.Ad-Hoc|x64.Build.0 = Release|Any CPU
		{ECB947C0-4CF7-4DE8-89FE-1C0E72B0E1B1}.Ad-Hoc|x86.ActiveCfg = Release|Any CPU
		{ECB947C0-4CF7-4DE8-89FE-1C0E72B0E1B1}.Ad-Hoc|x86.Build.0 = Release|Any CPU
		{ECB947C0-4CF7-4DE8-89FE-1C0E72B0E1B1}.AppStore|Any CPU.ActiveCfg = Release|Any CPU
		{ECB947C0-4CF7-4DE8-89FE-1C0E72B0E1B1}.AppStore|Any CPU.Build.0 = Release|Any CPU
		{ECB947C0-4CF7-4DE8-89FE-1C0E72B0E1B1}.AppStore|ARM.ActiveCfg = Release|Any CPU
		{ECB947C0-4CF7-4DE8-89FE-1C0E72B0E1B1}.AppStore|ARM.Build.0 = Release|Any CPU
		{ECB947C0-4CF7-4DE8-89FE-1C0E72B0E1B1}.AppStore|iPhone.ActiveCfg = Release|Any CPU
		{ECB947C0-4CF7-4DE8-89FE-1C0E72B0E1B1}.AppStore|iPhone.Build.0 = Release|Any CPU
		{ECB947C0-4CF7-4DE8-89FE-1C0E72B0E1B1}.AppStore|iPhoneSimulator.ActiveCfg = Release|Any CPU
		{ECB947C0-4CF7-4DE8-89FE-1C0E72B0E1B1}.AppStore|iPhoneSimulator.Build.0 = Release|Any CPU
		{ECB947C0-4CF7-4DE8-89FE-1C0E72B0E1B1}.AppStore|x64.ActiveCfg = Release|Any CPU
		{ECB947C0-4CF7-4DE8-89FE-1C0E72B0E1B1}.AppStore|x64.Build.0 = Release|Any CPU
		{ECB947C0-4CF7-4DE8-89FE-1C0E72B0E1B1}.AppStore|x86.ActiveCfg = Release|Any CPU
		{ECB947C0-4CF7-4DE8-89FE-1C0E72B0E1B1}.AppStore|x86.Build.0 = Release|Any CPU
		{ECB947C0-4CF7-4DE8-89FE-1C0E72B0E1B1}.Debug|Any CPU.ActiveCfg = Debug|Any CPU
		{ECB947C0-4CF7-4DE8-89FE-1C0E72B0E1B1}.Debug|Any CPU.Build.0 = Debug|Any CPU
		{ECB947C0-4CF7-4DE8-89FE-1C0E72B0E1B1}.Debug|Any CPU.Deploy.0 = Debug|Any CPU
		{ECB947C0-4CF7-4DE8-89FE-1C0E72B0E1B1}.Debug|ARM.ActiveCfg = Debug|Any CPU
		{ECB947C0-4CF7-4DE8-89FE-1C0E72B0E1B1}.Debug|ARM.Build.0 = Debug|Any CPU
		{ECB947C0-4CF7-4DE8-89FE-1C0E72B0E1B1}.Debug|iPhone.ActiveCfg = Debug|Any CPU
		{ECB947C0-4CF7-4DE8-89FE-1C0E72B0E1B1}.Debug|iPhone.Build.0 = Debug|Any CPU
		{ECB947C0-4CF7-4DE8-89FE-1C0E72B0E1B1}.Debug|iPhoneSimulator.ActiveCfg = Debug|Any CPU
		{ECB947C0-4CF7-4DE8-89FE-1C0E72B0E1B1}.Debug|iPhoneSimulator.Build.0 = Debug|Any CPU
		{ECB947C0-4CF7-4DE8-89FE-1C0E72B0E1B1}.Debug|x64.ActiveCfg = Debug|Any CPU
		{ECB947C0-4CF7-4DE8-89FE-1C0E72B0E1B1}.Debug|x64.Build.0 = Debug|Any CPU
		{ECB947C0-4CF7-4DE8-89FE-1C0E72B0E1B1}.Debug|x86.ActiveCfg = Debug|Any CPU
		{ECB947C0-4CF7-4DE8-89FE-1C0E72B0E1B1}.Debug|x86.Build.0 = Debug|Any CPU
		{ECB947C0-4CF7-4DE8-89FE-1C0E72B0E1B1}.Release|Any CPU.ActiveCfg = Release|Any CPU
		{ECB947C0-4CF7-4DE8-89FE-1C0E72B0E1B1}.Release|Any CPU.Build.0 = Release|Any CPU
		{ECB947C0-4CF7-4DE8-89FE-1C0E72B0E1B1}.Release|Any CPU.Deploy.0 = Release|Any CPU
		{ECB947C0-4CF7-4DE8-89FE-1C0E72B0E1B1}.Release|ARM.ActiveCfg = Release|Any CPU
		{ECB947C0-4CF7-4DE8-89FE-1C0E72B0E1B1}.Release|ARM.Build.0 = Release|Any CPU
		{ECB947C0-4CF7-4DE8-89FE-1C0E72B0E1B1}.Release|iPhone.ActiveCfg = Release|Any CPU
		{ECB947C0-4CF7-4DE8-89FE-1C0E72B0E1B1}.Release|iPhone.Build.0 = Release|Any CPU
		{ECB947C0-4CF7-4DE8-89FE-1C0E72B0E1B1}.Release|iPhoneSimulator.ActiveCfg = Release|Any CPU
		{ECB947C0-4CF7-4DE8-89FE-1C0E72B0E1B1}.Release|iPhoneSimulator.Build.0 = Release|Any CPU
		{ECB947C0-4CF7-4DE8-89FE-1C0E72B0E1B1}.Release|x64.ActiveCfg = Release|Any CPU
		{ECB947C0-4CF7-4DE8-89FE-1C0E72B0E1B1}.Release|x64.Build.0 = Release|Any CPU
		{ECB947C0-4CF7-4DE8-89FE-1C0E72B0E1B1}.Release|x86.ActiveCfg = Release|Any CPU
		{ECB947C0-4CF7-4DE8-89FE-1C0E72B0E1B1}.Release|x86.Build.0 = Release|Any CPU
		{56C7B7D0-D3D2-4464-8C62-94FD2EE71D33}.Ad-Hoc|Any CPU.ActiveCfg = Release|Any CPU
		{56C7B7D0-D3D2-4464-8C62-94FD2EE71D33}.Ad-Hoc|Any CPU.Build.0 = Release|Any CPU
		{56C7B7D0-D3D2-4464-8C62-94FD2EE71D33}.Ad-Hoc|ARM.ActiveCfg = Release|Any CPU
		{56C7B7D0-D3D2-4464-8C62-94FD2EE71D33}.Ad-Hoc|ARM.Build.0 = Release|Any CPU
		{56C7B7D0-D3D2-4464-8C62-94FD2EE71D33}.Ad-Hoc|iPhone.ActiveCfg = Release|Any CPU
		{56C7B7D0-D3D2-4464-8C62-94FD2EE71D33}.Ad-Hoc|iPhone.Build.0 = Release|Any CPU
		{56C7B7D0-D3D2-4464-8C62-94FD2EE71D33}.Ad-Hoc|iPhoneSimulator.ActiveCfg = Release|Any CPU
		{56C7B7D0-D3D2-4464-8C62-94FD2EE71D33}.Ad-Hoc|iPhoneSimulator.Build.0 = Release|Any CPU
		{56C7B7D0-D3D2-4464-8C62-94FD2EE71D33}.Ad-Hoc|x64.ActiveCfg = Release|Any CPU
		{56C7B7D0-D3D2-4464-8C62-94FD2EE71D33}.Ad-Hoc|x64.Build.0 = Release|Any CPU
		{56C7B7D0-D3D2-4464-8C62-94FD2EE71D33}.Ad-Hoc|x86.ActiveCfg = Release|Any CPU
		{56C7B7D0-D3D2-4464-8C62-94FD2EE71D33}.Ad-Hoc|x86.Build.0 = Release|Any CPU
		{56C7B7D0-D3D2-4464-8C62-94FD2EE71D33}.AppStore|Any CPU.ActiveCfg = Release|Any CPU
		{56C7B7D0-D3D2-4464-8C62-94FD2EE71D33}.AppStore|Any CPU.Build.0 = Release|Any CPU
		{56C7B7D0-D3D2-4464-8C62-94FD2EE71D33}.AppStore|ARM.ActiveCfg = Release|Any CPU
		{56C7B7D0-D3D2-4464-8C62-94FD2EE71D33}.AppStore|ARM.Build.0 = Release|Any CPU
		{56C7B7D0-D3D2-4464-8C62-94FD2EE71D33}.AppStore|iPhone.ActiveCfg = Release|Any CPU
		{56C7B7D0-D3D2-4464-8C62-94FD2EE71D33}.AppStore|iPhone.Build.0 = Release|Any CPU
		{56C7B7D0-D3D2-4464-8C62-94FD2EE71D33}.AppStore|iPhoneSimulator.ActiveCfg = Release|Any CPU
		{56C7B7D0-D3D2-4464-8C62-94FD2EE71D33}.AppStore|iPhoneSimulator.Build.0 = Release|Any CPU
		{56C7B7D0-D3D2-4464-8C62-94FD2EE71D33}.AppStore|x64.ActiveCfg = Release|Any CPU
		{56C7B7D0-D3D2-4464-8C62-94FD2EE71D33}.AppStore|x64.Build.0 = Release|Any CPU
		{56C7B7D0-D3D2-4464-8C62-94FD2EE71D33}.AppStore|x86.ActiveCfg = Release|Any CPU
		{56C7B7D0-D3D2-4464-8C62-94FD2EE71D33}.AppStore|x86.Build.0 = Release|Any CPU
		{56C7B7D0-D3D2-4464-8C62-94FD2EE71D33}.Debug|Any CPU.ActiveCfg = Debug|Any CPU
		{56C7B7D0-D3D2-4464-8C62-94FD2EE71D33}.Debug|Any CPU.Build.0 = Debug|Any CPU
		{56C7B7D0-D3D2-4464-8C62-94FD2EE71D33}.Debug|ARM.ActiveCfg = Debug|Any CPU
		{56C7B7D0-D3D2-4464-8C62-94FD2EE71D33}.Debug|ARM.Build.0 = Debug|Any CPU
		{56C7B7D0-D3D2-4464-8C62-94FD2EE71D33}.Debug|iPhone.ActiveCfg = Debug|Any CPU
		{56C7B7D0-D3D2-4464-8C62-94FD2EE71D33}.Debug|iPhone.Build.0 = Debug|Any CPU
		{56C7B7D0-D3D2-4464-8C62-94FD2EE71D33}.Debug|iPhoneSimulator.ActiveCfg = Debug|Any CPU
		{56C7B7D0-D3D2-4464-8C62-94FD2EE71D33}.Debug|iPhoneSimulator.Build.0 = Debug|Any CPU
		{56C7B7D0-D3D2-4464-8C62-94FD2EE71D33}.Debug|x64.ActiveCfg = Debug|Any CPU
		{56C7B7D0-D3D2-4464-8C62-94FD2EE71D33}.Debug|x64.Build.0 = Debug|Any CPU
		{56C7B7D0-D3D2-4464-8C62-94FD2EE71D33}.Debug|x86.ActiveCfg = Debug|Any CPU
		{56C7B7D0-D3D2-4464-8C62-94FD2EE71D33}.Debug|x86.Build.0 = Debug|Any CPU
		{56C7B7D0-D3D2-4464-8C62-94FD2EE71D33}.Release|Any CPU.ActiveCfg = Release|Any CPU
		{56C7B7D0-D3D2-4464-8C62-94FD2EE71D33}.Release|Any CPU.Build.0 = Release|Any CPU
		{56C7B7D0-D3D2-4464-8C62-94FD2EE71D33}.Release|ARM.ActiveCfg = Release|Any CPU
		{56C7B7D0-D3D2-4464-8C62-94FD2EE71D33}.Release|ARM.Build.0 = Release|Any CPU
		{56C7B7D0-D3D2-4464-8C62-94FD2EE71D33}.Release|iPhone.ActiveCfg = Release|Any CPU
		{56C7B7D0-D3D2-4464-8C62-94FD2EE71D33}.Release|iPhone.Build.0 = Release|Any CPU
		{56C7B7D0-D3D2-4464-8C62-94FD2EE71D33}.Release|iPhoneSimulator.ActiveCfg = Release|Any CPU
		{56C7B7D0-D3D2-4464-8C62-94FD2EE71D33}.Release|iPhoneSimulator.Build.0 = Release|Any CPU
		{56C7B7D0-D3D2-4464-8C62-94FD2EE71D33}.Release|x64.ActiveCfg = Release|Any CPU
		{56C7B7D0-D3D2-4464-8C62-94FD2EE71D33}.Release|x64.Build.0 = Release|Any CPU
		{56C7B7D0-D3D2-4464-8C62-94FD2EE71D33}.Release|x86.ActiveCfg = Release|Any CPU
		{56C7B7D0-D3D2-4464-8C62-94FD2EE71D33}.Release|x86.Build.0 = Release|Any CPU
		{6D322740-8734-4732-8AD6-147093342A1E}.Ad-Hoc|Any CPU.ActiveCfg = Release|x64
		{6D322740-8734-4732-8AD6-147093342A1E}.Ad-Hoc|Any CPU.Build.0 = Release|x64
		{6D322740-8734-4732-8AD6-147093342A1E}.Ad-Hoc|Any CPU.Deploy.0 = Release|x64
		{6D322740-8734-4732-8AD6-147093342A1E}.Ad-Hoc|ARM.ActiveCfg = Release|ARM
		{6D322740-8734-4732-8AD6-147093342A1E}.Ad-Hoc|ARM.Build.0 = Release|ARM
		{6D322740-8734-4732-8AD6-147093342A1E}.Ad-Hoc|ARM.Deploy.0 = Release|ARM
		{6D322740-8734-4732-8AD6-147093342A1E}.Ad-Hoc|ARM64.ActiveCfg = Release|ARM64
		{6D322740-8734-4732-8AD6-147093342A1E}.Ad-Hoc|ARM64.Build.0 = Release|ARM64
		{6D322740-8734-4732-8AD6-147093342A1E}.Ad-Hoc|ARM64.Deploy.0 = Release|ARM64
		{6D322740-8734-4732-8AD6-147093342A1E}.Ad-Hoc|iPhone.ActiveCfg = Release|x64
		{6D322740-8734-4732-8AD6-147093342A1E}.Ad-Hoc|iPhone.Build.0 = Release|x64
		{6D322740-8734-4732-8AD6-147093342A1E}.Ad-Hoc|iPhone.Deploy.0 = Release|x64
		{6D322740-8734-4732-8AD6-147093342A1E}.Ad-Hoc|iPhoneSimulator.ActiveCfg = Release|x64
		{6D322740-8734-4732-8AD6-147093342A1E}.Ad-Hoc|iPhoneSimulator.Build.0 = Release|x64
		{6D322740-8734-4732-8AD6-147093342A1E}.Ad-Hoc|iPhoneSimulator.Deploy.0 = Release|x64
		{6D322740-8734-4732-8AD6-147093342A1E}.Ad-Hoc|x64.ActiveCfg = Release|x64
		{6D322740-8734-4732-8AD6-147093342A1E}.Ad-Hoc|x64.Build.0 = Release|x64
		{6D322740-8734-4732-8AD6-147093342A1E}.Ad-Hoc|x64.Deploy.0 = Release|x64
		{6D322740-8734-4732-8AD6-147093342A1E}.Ad-Hoc|x86.ActiveCfg = Release|x86
		{6D322740-8734-4732-8AD6-147093342A1E}.Ad-Hoc|x86.Build.0 = Release|x86
		{6D322740-8734-4732-8AD6-147093342A1E}.Ad-Hoc|x86.Deploy.0 = Release|x86
		{6D322740-8734-4732-8AD6-147093342A1E}.AppStore|Any CPU.ActiveCfg = Release|x64
		{6D322740-8734-4732-8AD6-147093342A1E}.AppStore|Any CPU.Build.0 = Release|x64
		{6D322740-8734-4732-8AD6-147093342A1E}.AppStore|Any CPU.Deploy.0 = Release|x64
		{6D322740-8734-4732-8AD6-147093342A1E}.AppStore|ARM.ActiveCfg = Release|ARM
		{6D322740-8734-4732-8AD6-147093342A1E}.AppStore|ARM.Build.0 = Release|ARM
		{6D322740-8734-4732-8AD6-147093342A1E}.AppStore|ARM.Deploy.0 = Release|ARM
		{6D322740-8734-4732-8AD6-147093342A1E}.AppStore|ARM64.ActiveCfg = Release|ARM64
		{6D322740-8734-4732-8AD6-147093342A1E}.AppStore|ARM64.Build.0 = Release|ARM64
		{6D322740-8734-4732-8AD6-147093342A1E}.AppStore|ARM64.Deploy.0 = Release|ARM64
		{6D322740-8734-4732-8AD6-147093342A1E}.AppStore|iPhone.ActiveCfg = Release|x64
		{6D322740-8734-4732-8AD6-147093342A1E}.AppStore|iPhone.Build.0 = Release|x64
		{6D322740-8734-4732-8AD6-147093342A1E}.AppStore|iPhone.Deploy.0 = Release|x64
		{6D322740-8734-4732-8AD6-147093342A1E}.AppStore|iPhoneSimulator.ActiveCfg = Release|x64
		{6D322740-8734-4732-8AD6-147093342A1E}.AppStore|iPhoneSimulator.Build.0 = Release|x64
		{6D322740-8734-4732-8AD6-147093342A1E}.AppStore|iPhoneSimulator.Deploy.0 = Release|x64
		{6D322740-8734-4732-8AD6-147093342A1E}.AppStore|x64.ActiveCfg = Release|x64
		{6D322740-8734-4732-8AD6-147093342A1E}.AppStore|x64.Build.0 = Release|x64
		{6D322740-8734-4732-8AD6-147093342A1E}.AppStore|x64.Deploy.0 = Release|x64
		{6D322740-8734-4732-8AD6-147093342A1E}.AppStore|x86.ActiveCfg = Release|x86
		{6D322740-8734-4732-8AD6-147093342A1E}.AppStore|x86.Build.0 = Release|x86
		{6D322740-8734-4732-8AD6-147093342A1E}.AppStore|x86.Deploy.0 = Release|x86
		{6D322740-8734-4732-8AD6-147093342A1E}.Debug|Any CPU.ActiveCfg = Debug|x86
		{6D322740-8734-4732-8AD6-147093342A1E}.Debug|ARM.ActiveCfg = Debug|ARM
		{6D322740-8734-4732-8AD6-147093342A1E}.Debug|ARM.Build.0 = Debug|ARM
		{6D322740-8734-4732-8AD6-147093342A1E}.Debug|ARM.Deploy.0 = Debug|ARM
		{6D322740-8734-4732-8AD6-147093342A1E}.Debug|ARM64.ActiveCfg = Debug|ARM64
		{6D322740-8734-4732-8AD6-147093342A1E}.Debug|ARM64.Build.0 = Debug|ARM64
		{6D322740-8734-4732-8AD6-147093342A1E}.Debug|ARM64.Deploy.0 = Debug|ARM64
		{6D322740-8734-4732-8AD6-147093342A1E}.Debug|iPhone.ActiveCfg = Debug|x86
		{6D322740-8734-4732-8AD6-147093342A1E}.Debug|iPhoneSimulator.ActiveCfg = Debug|x86
		{6D322740-8734-4732-8AD6-147093342A1E}.Debug|x64.ActiveCfg = Debug|x64
		{6D322740-8734-4732-8AD6-147093342A1E}.Debug|x64.Build.0 = Debug|x64
		{6D322740-8734-4732-8AD6-147093342A1E}.Debug|x64.Deploy.0 = Debug|x64
		{6D322740-8734-4732-8AD6-147093342A1E}.Debug|x86.ActiveCfg = Debug|x86
		{6D322740-8734-4732-8AD6-147093342A1E}.Debug|x86.Build.0 = Debug|x86
		{6D322740-8734-4732-8AD6-147093342A1E}.Debug|x86.Deploy.0 = Debug|x86
		{6D322740-8734-4732-8AD6-147093342A1E}.Release|Any CPU.ActiveCfg = Release|x86
		{6D322740-8734-4732-8AD6-147093342A1E}.Release|ARM.ActiveCfg = Release|ARM
		{6D322740-8734-4732-8AD6-147093342A1E}.Release|ARM.Build.0 = Release|ARM
		{6D322740-8734-4732-8AD6-147093342A1E}.Release|ARM.Deploy.0 = Release|ARM
		{6D322740-8734-4732-8AD6-147093342A1E}.Release|ARM64.ActiveCfg = Release|ARM64
		{6D322740-8734-4732-8AD6-147093342A1E}.Release|ARM64.Build.0 = Release|ARM64
		{6D322740-8734-4732-8AD6-147093342A1E}.Release|ARM64.Deploy.0 = Release|ARM64
		{6D322740-8734-4732-8AD6-147093342A1E}.Release|iPhone.ActiveCfg = Release|x86
		{6D322740-8734-4732-8AD6-147093342A1E}.Release|iPhoneSimulator.ActiveCfg = Release|x86
		{6D322740-8734-4732-8AD6-147093342A1E}.Release|x64.ActiveCfg = Release|x64
		{6D322740-8734-4732-8AD6-147093342A1E}.Release|x64.Build.0 = Release|x64
		{6D322740-8734-4732-8AD6-147093342A1E}.Release|x64.Deploy.0 = Release|x64
		{6D322740-8734-4732-8AD6-147093342A1E}.Release|x86.ActiveCfg = Release|x86
		{6D322740-8734-4732-8AD6-147093342A1E}.Release|x86.Build.0 = Release|x86
		{6D322740-8734-4732-8AD6-147093342A1E}.Release|x86.Deploy.0 = Release|x86
		{3701B690-1E70-42E4-8945-4A170E7C7A57}.Ad-Hoc|Any CPU.ActiveCfg = Debug|Any CPU
		{3701B690-1E70-42E4-8945-4A170E7C7A57}.Ad-Hoc|Any CPU.Build.0 = Debug|Any CPU
		{3701B690-1E70-42E4-8945-4A170E7C7A57}.Ad-Hoc|ARM.ActiveCfg = Debug|Any CPU
		{3701B690-1E70-42E4-8945-4A170E7C7A57}.Ad-Hoc|ARM.Build.0 = Debug|Any CPU
		{3701B690-1E70-42E4-8945-4A170E7C7A57}.Ad-Hoc|iPhone.ActiveCfg = Debug|Any CPU
		{3701B690-1E70-42E4-8945-4A170E7C7A57}.Ad-Hoc|iPhone.Build.0 = Debug|Any CPU
		{3701B690-1E70-42E4-8945-4A170E7C7A57}.Ad-Hoc|iPhoneSimulator.ActiveCfg = Debug|Any CPU
		{3701B690-1E70-42E4-8945-4A170E7C7A57}.Ad-Hoc|iPhoneSimulator.Build.0 = Debug|Any CPU
		{3701B690-1E70-42E4-8945-4A170E7C7A57}.Ad-Hoc|x64.ActiveCfg = Debug|Any CPU
		{3701B690-1E70-42E4-8945-4A170E7C7A57}.Ad-Hoc|x64.Build.0 = Debug|Any CPU
		{3701B690-1E70-42E4-8945-4A170E7C7A57}.Ad-Hoc|x86.ActiveCfg = Debug|Any CPU
		{3701B690-1E70-42E4-8945-4A170E7C7A57}.Ad-Hoc|x86.Build.0 = Debug|Any CPU
		{3701B690-1E70-42E4-8945-4A170E7C7A57}.AppStore|Any CPU.ActiveCfg = Debug|Any CPU
		{3701B690-1E70-42E4-8945-4A170E7C7A57}.AppStore|Any CPU.Build.0 = Debug|Any CPU
		{3701B690-1E70-42E4-8945-4A170E7C7A57}.AppStore|ARM.ActiveCfg = Debug|Any CPU
		{3701B690-1E70-42E4-8945-4A170E7C7A57}.AppStore|ARM.Build.0 = Debug|Any CPU
		{3701B690-1E70-42E4-8945-4A170E7C7A57}.AppStore|iPhone.ActiveCfg = Debug|Any CPU
		{3701B690-1E70-42E4-8945-4A170E7C7A57}.AppStore|iPhone.Build.0 = Debug|Any CPU
		{3701B690-1E70-42E4-8945-4A170E7C7A57}.AppStore|iPhoneSimulator.ActiveCfg = Debug|Any CPU
		{3701B690-1E70-42E4-8945-4A170E7C7A57}.AppStore|iPhoneSimulator.Build.0 = Debug|Any CPU
		{3701B690-1E70-42E4-8945-4A170E7C7A57}.AppStore|x64.ActiveCfg = Debug|Any CPU
		{3701B690-1E70-42E4-8945-4A170E7C7A57}.AppStore|x64.Build.0 = Debug|Any CPU
		{3701B690-1E70-42E4-8945-4A170E7C7A57}.AppStore|x86.ActiveCfg = Debug|Any CPU
		{3701B690-1E70-42E4-8945-4A170E7C7A57}.AppStore|x86.Build.0 = Debug|Any CPU
		{3701B690-1E70-42E4-8945-4A170E7C7A57}.Debug|Any CPU.ActiveCfg = Debug|Any CPU
		{3701B690-1E70-42E4-8945-4A170E7C7A57}.Debug|Any CPU.Build.0 = Debug|Any CPU
		{3701B690-1E70-42E4-8945-4A170E7C7A57}.Debug|ARM.ActiveCfg = Debug|Any CPU
		{3701B690-1E70-42E4-8945-4A170E7C7A57}.Debug|ARM.Build.0 = Debug|Any CPU
		{3701B690-1E70-42E4-8945-4A170E7C7A57}.Debug|iPhone.ActiveCfg = Debug|Any CPU
		{3701B690-1E70-42E4-8945-4A170E7C7A57}.Debug|iPhone.Build.0 = Debug|Any CPU
		{3701B690-1E70-42E4-8945-4A170E7C7A57}.Debug|iPhoneSimulator.ActiveCfg = Debug|Any CPU
		{3701B690-1E70-42E4-8945-4A170E7C7A57}.Debug|iPhoneSimulator.Build.0 = Debug|Any CPU
		{3701B690-1E70-42E4-8945-4A170E7C7A57}.Debug|x64.ActiveCfg = Debug|Any CPU
		{3701B690-1E70-42E4-8945-4A170E7C7A57}.Debug|x64.Build.0 = Debug|Any CPU
		{3701B690-1E70-42E4-8945-4A170E7C7A57}.Debug|x86.ActiveCfg = Debug|Any CPU
		{3701B690-1E70-42E4-8945-4A170E7C7A57}.Debug|x86.Build.0 = Debug|Any CPU
		{3701B690-1E70-42E4-8945-4A170E7C7A57}.Release|Any CPU.ActiveCfg = Release|Any CPU
		{3701B690-1E70-42E4-8945-4A170E7C7A57}.Release|Any CPU.Build.0 = Release|Any CPU
		{3701B690-1E70-42E4-8945-4A170E7C7A57}.Release|ARM.ActiveCfg = Release|Any CPU
		{3701B690-1E70-42E4-8945-4A170E7C7A57}.Release|ARM.Build.0 = Release|Any CPU
		{3701B690-1E70-42E4-8945-4A170E7C7A57}.Release|iPhone.ActiveCfg = Release|Any CPU
		{3701B690-1E70-42E4-8945-4A170E7C7A57}.Release|iPhone.Build.0 = Release|Any CPU
		{3701B690-1E70-42E4-8945-4A170E7C7A57}.Release|iPhoneSimulator.ActiveCfg = Release|Any CPU
		{3701B690-1E70-42E4-8945-4A170E7C7A57}.Release|iPhoneSimulator.Build.0 = Release|Any CPU
		{3701B690-1E70-42E4-8945-4A170E7C7A57}.Release|x64.ActiveCfg = Release|Any CPU
		{3701B690-1E70-42E4-8945-4A170E7C7A57}.Release|x64.Build.0 = Release|Any CPU
		{3701B690-1E70-42E4-8945-4A170E7C7A57}.Release|x86.ActiveCfg = Release|Any CPU
		{3701B690-1E70-42E4-8945-4A170E7C7A57}.Release|x86.Build.0 = Release|Any CPU
	EndGlobalSection
	GlobalSection(SolutionProperties) = preSolution
		HideSolutionNode = FALSE
	EndGlobalSection
	GlobalSection(ExtensibilityGlobals) = postSolution
		SolutionGuid = {F6D05029-56B8-4E45-AF2D-0E76295DDBA2}
	EndGlobalSection
	GlobalSection(NestedProjects) = preSolution
		{A53AA951-E390-4847-91B8-746D96AD7467} = {8058199C-D751-46B5-9E31-BCB6576EF13E}
		{3701B690-1E70-42E4-8945-4A170E7C7A57} = {8058199C-D751-46B5-9E31-BCB6576EF13E}
		{ECB947C0-4CF7-4DE8-89FE-1C0E72B0E1B1} = {2485C258-A51C-4244-B8A6-6F2B96EC1C71}
		{2482E35F-CCC4-47D6-A84E-4A47DB35C5B1} = {2485C258-A51C-4244-B8A6-6F2B96EC1C71}
	EndGlobalSection
EndGlobal
